
Microsoft Visual Studio Solution File, Format Version 12.00
# Visual Studio Version 16
VisualStudioVersion = 16.0.30225.117
MinimumVisualStudioVersion = 10.0.40219.1
Project("{9A19103F-16F7-4668-BE54-9A1E7A4F7556}") = "GrpcServer", "GrpcServer\GrpcServer.csproj", "{33223904-26BE-4CED-B08D-7FE7B8F7A8EB}"
EndProject
Project("{9A19103F-16F7-4668-BE54-9A1E7A4F7556}") = "Grpc_Client", "Grpc_Client\Grpc_Client.csproj", "{F98404B9-3F33-4529-A00C-6194E5FF56C8}"
EndProject
Global
	GlobalSection(SolutionConfigurationPlatforms) = preSolution
		Debug|Any CPU = Debug|Any CPU
		Release|Any CPU = Release|Any CPU
	EndGlobalSection
	GlobalSection(ProjectConfigurationPlatforms) = postSolution
		{33223904-26BE-4CED-B08D-7FE7B8F7A8EB}.Debug|Any CPU.ActiveCfg = Debug|Any CPU
		{33223904-26BE-4CED-B08D-7FE7B8F7A8EB}.Debug|Any CPU.Build.0 = Debug|Any CPU
		{33223904-26BE-4CED-B08D-7FE7B8F7A8EB}.Release|Any CPU.ActiveCfg = Release|Any CPU
		{33223904-26BE-4CED-B08D-7FE7B8F7A8EB}.Release|Any CPU.Build.0 = Release|Any CPU
		{F98404B9-3F33-4529-A00C-6194E5FF56C8}.Debug|Any CPU.ActiveCfg = Debug|Any CPU
		{F98404B9-3F33-4529-A00C-6194E5FF56C8}.Debug|Any CPU.Build.0 = Debug|Any CPU
		{F98404B9-3F33-4529-A00C-6194E5FF56C8}.Release|Any CPU.ActiveCfg = Release|Any CPU
		{F98404B9-3F33-4529-A00C-6194E5FF56C8}.Release|Any CPU.Build.0 = Release|Any CPU
	EndGlobalSection
	GlobalSection(SolutionProperties) = preSolution
		HideSolutionNode = FALSE
	EndGlobalSection
	GlobalSection(ExtensibilityGlobals) = postSolution
		SolutionGuid = {A4DC7E03-E1DA-42C3-8479-85A475774207}
	EndGlobalSection
EndGlobal
